
Microsoft Visual Studio Solution File, Format Version 12.00
# Visual Studio Version 17
VisualStudioVersion = 17.14.36518.9 d17.14
MinimumVisualStudioVersion = 10.0.40219.1
Project("{FAE04EC0-301F-11D3-BF4B-00C04F79EFBC}") = "WPF-Test", "WPF-Test.csproj", "{94300578-D1F4-480F-B4B3-64B095998BB5}"
EndProject
Global
	GlobalSection(SolutionConfigurationPlatforms) = preSolution
		Debug|Any CPU = Debug|Any CPU
		Release|Any CPU = Release|Any CPU
	EndGlobalSection
	GlobalSection(ProjectConfigurationPlatforms) = postSolution
		{94300578-D1F4-480F-B4B3-64B095998BB5}.Debug|Any CPU.ActiveCfg = Debug|Any CPU
		{94300578-D1F4-480F-B4B3-64B095998BB5}.Debug|Any CPU.Build.0 = Debug|Any CPU
		{94300578-D1F4-480F-B4B3-64B095998BB5}.Release|Any CPU.ActiveCfg = Release|Any CPU
		{94300578-D1F4-480F-B4B3-64B095998BB5}.Release|Any CPU.Build.0 = Release|Any CPU
	EndGlobalSection
	GlobalSection(SolutionProperties) = preSolution
		HideSolutionNode = FALSE
	EndGlobalSection
	GlobalSection(ExtensibilityGlobals) = postSolution
		SolutionGuid = {B8BC202F-D02F-4F57-B3B2-B4BF6270CCC4}
	EndGlobalSection
EndGlobal
